
Microsoft Visual Studio Solution File, Format Version 12.00
# Visual Studio 14
VisualStudioVersion = 14.0.23107.0
MinimumVisualStudioVersion = 10.0.40219.1
Project("{FAE04EC0-301F-11D3-BF4B-00C04F79EFBC}") = "Acr.Biometrics", "Acr.Biometrics\Acr.Biometrics.csproj", "{4F51D114-8BF5-43BA-B17F-C119D6F3CD1C}"
EndProject
Project("{FAE04EC0-301F-11D3-BF4B-00C04F79EFBC}") = "Acr.Biometrics.iOS", "Acr.Biometrics.iOS\Acr.Biometrics.iOS.csproj", "{7FBF1544-7DD8-4812-86B7-1F98537E593F}"
EndProject
Project("{FAE04EC0-301F-11D3-BF4B-00C04F79EFBC}") = "Acr.Biometrics.Droid", "Acr.Biometrics.Droid\Acr.Biometrics.Droid.csproj", "{2B743718-943B-45C3-9FB7-72B2667CD48C}"
EndProject
Project("{D954291E-2A0B-460D-934E-DC6B0785DB48}") = "Acr.Biometrics.Shared", "Acr.Biometrics.Shared\Acr.Biometrics.Shared.shproj", "{D04E691F-0938-48DD-939E-914DA83F4A00}"
EndProject
Project("{FAE04EC0-301F-11D3-BF4B-00C04F79EFBC}") = "SamsungPass", "SamsungPass\SamsungPass.csproj", "{3A4B8E88-FA9B-4663-BCDA-21C12E3AF98A}"
EndProject
Project("{2150E333-8FDC-42A3-9474-1A3956D46DE8}") = "Solution Items", "Solution Items", "{B5566F6F-7337-4C0A-A5E5-7816B1BA64C0}"
	ProjectSection(SolutionItems) = preProject
		nuspec\Acr.Biometrics.nuspec = nuspec\Acr.Biometrics.nuspec
		nuspec\nuget.exe = nuspec\nuget.exe
		nuspec\pack.cmd = nuspec\pack.cmd
		nuspec\push.cmd = nuspec\push.cmd
		README.md = README.md
	EndProjectSection
EndProject
Project("{FAE04EC0-301F-11D3-BF4B-00C04F79EFBC}") = "Samples", "Samples\Samples\Samples.csproj", "{696A26AD-B62A-44C8-8E25-FB4271ACA733}"
EndProject
Project("{FAE04EC0-301F-11D3-BF4B-00C04F79EFBC}") = "Samples.iOS", "Samples\Samples.iOS\Samples.iOS.csproj", "{9D1E0207-8F44-4A0A-9E2B-FB4488509511}"
EndProject
Project("{FAE04EC0-301F-11D3-BF4B-00C04F79EFBC}") = "Samples.Droid", "Samples\Samples.Droid\Samples.Droid.csproj", "{D6E363F0-77F0-4149-A002-B03491C7140C}"
EndProject
Project("{2150E333-8FDC-42A3-9474-1A3956D46DE8}") = "Plugin", "Plugin", "{5067C6BA-2DCC-487C-A6D1-3557CC9C22C9}"
EndProject
Project("{FAE04EC0-301F-11D3-BF4B-00C04F79EFBC}") = "Acr.Biometrics.Interface", "Acr.Biometrics.Interface\Acr.Biometrics.Interface.csproj", "{FA0C88AB-2C21-42BC-89BC-2FBFD7404394}"
EndProject
Project("{FAE04EC0-301F-11D3-BF4B-00C04F79EFBC}") = "Acr.Biometrics.Uwp", "Acr.Biometrics.Uwp\Acr.Biometrics.Uwp.csproj", "{B362BC99-C9AE-4F38-BDA5-7CA4C365DEAA}"
EndProject
Global
	GlobalSection(SharedMSBuildProjectFiles) = preSolution
		Acr.Biometrics.Shared\Acr.Biometrics.Shared.projitems*{2b743718-943b-45c3-9fb7-72b2667cd48c}*SharedItemsImports = 4
		Acr.Biometrics.Shared\Acr.Biometrics.Shared.projitems*{4f51d114-8bf5-43ba-b17f-c119d6f3cd1c}*SharedItemsImports = 4
		Acr.Biometrics.Shared\Acr.Biometrics.Shared.projitems*{b362bc99-c9ae-4f38-bda5-7ca4c365deaa}*SharedItemsImports = 4
		Acr.Biometrics.Shared\Acr.Biometrics.Shared.projitems*{7fbf1544-7dd8-4812-86b7-1f98537e593f}*SharedItemsImports = 4
		Acr.Biometrics.Shared\Acr.Biometrics.Shared.projitems*{d04e691f-0938-48dd-939e-914da83f4a00}*SharedItemsImports = 13
	EndGlobalSection
	GlobalSection(SolutionConfigurationPlatforms) = preSolution
		Ad-Hoc|Any CPU = Ad-Hoc|Any CPU
		Ad-Hoc|ARM = Ad-Hoc|ARM
		Ad-Hoc|iPhone = Ad-Hoc|iPhone
		Ad-Hoc|iPhoneSimulator = Ad-Hoc|iPhoneSimulator
		Ad-Hoc|Mixed Platforms = Ad-Hoc|Mixed Platforms
		Ad-Hoc|x64 = Ad-Hoc|x64
		Ad-Hoc|x86 = Ad-Hoc|x86
		AppStore|Any CPU = AppStore|Any CPU
		AppStore|ARM = AppStore|ARM
		AppStore|iPhone = AppStore|iPhone
		AppStore|iPhoneSimulator = AppStore|iPhoneSimulator
		AppStore|Mixed Platforms = AppStore|Mixed Platforms
		AppStore|x64 = AppStore|x64
		AppStore|x86 = AppStore|x86
		Debug|Any CPU = Debug|Any CPU
		Debug|ARM = Debug|ARM
		Debug|iPhone = Debug|iPhone
		Debug|iPhoneSimulator = Debug|iPhoneSimulator
		Debug|Mixed Platforms = Debug|Mixed Platforms
		Debug|x64 = Debug|x64
		Debug|x86 = Debug|x86
		Release|Any CPU = Release|Any CPU
		Release|ARM = Release|ARM
		Release|iPhone = Release|iPhone
		Release|iPhoneSimulator = Release|iPhoneSimulator
		Release|Mixed Platforms = Release|Mixed Platforms
		Release|x64 = Release|x64
		Release|x86 = Release|x86
	EndGlobalSection
	GlobalSection(ProjectConfigurationPlatforms) = postSolution
		{4F51D114-8BF5-43BA-B17F-C119D6F3CD1C}.Ad-Hoc|Any CPU.ActiveCfg = Release|Any CPU
		{4F51D114-8BF5-43BA-B17F-C119D6F3CD1C}.Ad-Hoc|Any CPU.Build.0 = Release|Any CPU
		{4F51D114-8BF5-43BA-B17F-C119D6F3CD1C}.Ad-Hoc|ARM.ActiveCfg = Release|Any CPU
		{4F51D114-8BF5-43BA-B17F-C119D6F3CD1C}.Ad-Hoc|iPhone.ActiveCfg = Release|Any CPU
		{4F51D114-8BF5-43BA-B17F-C119D6F3CD1C}.Ad-Hoc|iPhoneSimulator.ActiveCfg = Release|Any CPU
		{4F51D114-8BF5-43BA-B17F-C119D6F3CD1C}.Ad-Hoc|Mixed Platforms.ActiveCfg = Release|Any CPU
		{4F51D114-8BF5-43BA-B17F-C119D6F3CD1C}.Ad-Hoc|Mixed Platforms.Build.0 = Release|Any CPU
		{4F51D114-8BF5-43BA-B17F-C119D6F3CD1C}.Ad-Hoc|x64.ActiveCfg = Debug|Any CPU
		{4F51D114-8BF5-43BA-B17F-C119D6F3CD1C}.Ad-Hoc|x64.Build.0 = Debug|Any CPU
		{4F51D114-8BF5-43BA-B17F-C119D6F3CD1C}.Ad-Hoc|x86.ActiveCfg = Release|Any CPU
		{4F51D114-8BF5-43BA-B17F-C119D6F3CD1C}.AppStore|Any CPU.ActiveCfg = Release|Any CPU
		{4F51D114-8BF5-43BA-B17F-C119D6F3CD1C}.AppStore|Any CPU.Build.0 = Release|Any CPU
		{4F51D114-8BF5-43BA-B17F-C119D6F3CD1C}.AppStore|ARM.ActiveCfg = Release|Any CPU
		{4F51D114-8BF5-43BA-B17F-C119D6F3CD1C}.AppStore|iPhone.ActiveCfg = Release|Any CPU
		{4F51D114-8BF5-43BA-B17F-C119D6F3CD1C}.AppStore|iPhoneSimulator.ActiveCfg = Release|Any CPU
		{4F51D114-8BF5-43BA-B17F-C119D6F3CD1C}.AppStore|Mixed Platforms.ActiveCfg = Release|Any CPU
		{4F51D114-8BF5-43BA-B17F-C119D6F3CD1C}.AppStore|Mixed Platforms.Build.0 = Release|Any CPU
		{4F51D114-8BF5-43BA-B17F-C119D6F3CD1C}.AppStore|x64.ActiveCfg = Debug|Any CPU
		{4F51D114-8BF5-43BA-B17F-C119D6F3CD1C}.AppStore|x64.Build.0 = Debug|Any CPU
		{4F51D114-8BF5-43BA-B17F-C119D6F3CD1C}.AppStore|x86.ActiveCfg = Release|Any CPU
		{4F51D114-8BF5-43BA-B17F-C119D6F3CD1C}.Debug|Any CPU.ActiveCfg = Debug|Any CPU
		{4F51D114-8BF5-43BA-B17F-C119D6F3CD1C}.Debug|Any CPU.Build.0 = Debug|Any CPU
		{4F51D114-8BF5-43BA-B17F-C119D6F3CD1C}.Debug|ARM.ActiveCfg = Debug|Any CPU
		{4F51D114-8BF5-43BA-B17F-C119D6F3CD1C}.Debug|iPhone.ActiveCfg = Debug|Any CPU
		{4F51D114-8BF5-43BA-B17F-C119D6F3CD1C}.Debug|iPhoneSimulator.ActiveCfg = Debug|Any CPU
		{4F51D114-8BF5-43BA-B17F-C119D6F3CD1C}.Debug|Mixed Platforms.ActiveCfg = Debug|Any CPU
		{4F51D114-8BF5-43BA-B17F-C119D6F3CD1C}.Debug|Mixed Platforms.Build.0 = Debug|Any CPU
		{4F51D114-8BF5-43BA-B17F-C119D6F3CD1C}.Debug|x64.ActiveCfg = Debug|Any CPU
		{4F51D114-8BF5-43BA-B17F-C119D6F3CD1C}.Debug|x64.Build.0 = Debug|Any CPU
		{4F51D114-8BF5-43BA-B17F-C119D6F3CD1C}.Debug|x86.ActiveCfg = Debug|Any CPU
		{4F51D114-8BF5-43BA-B17F-C119D6F3CD1C}.Release|Any CPU.ActiveCfg = Release|Any CPU
		{4F51D114-8BF5-43BA-B17F-C119D6F3CD1C}.Release|Any CPU.Build.0 = Release|Any CPU
		{4F51D114-8BF5-43BA-B17F-C119D6F3CD1C}.Release|ARM.ActiveCfg = Release|Any CPU
		{4F51D114-8BF5-43BA-B17F-C119D6F3CD1C}.Release|iPhone.ActiveCfg = Release|Any CPU
		{4F51D114-8BF5-43BA-B17F-C119D6F3CD1C}.Release|iPhoneSimulator.ActiveCfg = Release|Any CPU
		{4F51D114-8BF5-43BA-B17F-C119D6F3CD1C}.Release|Mixed Platforms.ActiveCfg = Release|Any CPU
		{4F51D114-8BF5-43BA-B17F-C119D6F3CD1C}.Release|Mixed Platforms.Build.0 = Release|Any CPU
		{4F51D114-8BF5-43BA-B17F-C119D6F3CD1C}.Release|x64.ActiveCfg = Release|Any CPU
		{4F51D114-8BF5-43BA-B17F-C119D6F3CD1C}.Release|x64.Build.0 = Release|Any CPU
		{4F51D114-8BF5-43BA-B17F-C119D6F3CD1C}.Release|x86.ActiveCfg = Release|Any CPU
		{7FBF1544-7DD8-4812-86B7-1F98537E593F}.Ad-Hoc|Any CPU.ActiveCfg = Release|Any CPU
		{7FBF1544-7DD8-4812-86B7-1F98537E593F}.Ad-Hoc|Any CPU.Build.0 = Release|Any CPU
		{7FBF1544-7DD8-4812-86B7-1F98537E593F}.Ad-Hoc|ARM.ActiveCfg = Release|Any CPU
		{7FBF1544-7DD8-4812-86B7-1F98537E593F}.Ad-Hoc|iPhone.ActiveCfg = Release|Any CPU
		{7FBF1544-7DD8-4812-86B7-1F98537E593F}.Ad-Hoc|iPhoneSimulator.ActiveCfg = Release|Any CPU
		{7FBF1544-7DD8-4812-86B7-1F98537E593F}.Ad-Hoc|Mixed Platforms.ActiveCfg = Release|Any CPU
		{7FBF1544-7DD8-4812-86B7-1F98537E593F}.Ad-Hoc|Mixed Platforms.Build.0 = Release|Any CPU
		{7FBF1544-7DD8-4812-86B7-1F98537E593F}.Ad-Hoc|x64.ActiveCfg = Debug|Any CPU
		{7FBF1544-7DD8-4812-86B7-1F98537E593F}.Ad-Hoc|x64.Build.0 = Debug|Any CPU
		{7FBF1544-7DD8-4812-86B7-1F98537E593F}.Ad-Hoc|x86.ActiveCfg = Release|Any CPU
		{7FBF1544-7DD8-4812-86B7-1F98537E593F}.AppStore|Any CPU.ActiveCfg = Release|Any CPU
		{7FBF1544-7DD8-4812-86B7-1F98537E593F}.AppStore|Any CPU.Build.0 = Release|Any CPU
		{7FBF1544-7DD8-4812-86B7-1F98537E593F}.AppStore|ARM.ActiveCfg = Release|Any CPU
		{7FBF1544-7DD8-4812-86B7-1F98537E593F}.AppStore|iPhone.ActiveCfg = Release|Any CPU
		{7FBF1544-7DD8-4812-86B7-1F98537E593F}.AppStore|iPhoneSimulator.ActiveCfg = Release|Any CPU
		{7FBF1544-7DD8-4812-86B7-1F98537E593F}.AppStore|Mixed Platforms.ActiveCfg = Release|Any CPU
		{7FBF1544-7DD8-4812-86B7-1F98537E593F}.AppStore|Mixed Platforms.Build.0 = Release|Any CPU
		{7FBF1544-7DD8-4812-86B7-1F98537E593F}.AppStore|x64.ActiveCfg = Debug|Any CPU
		{7FBF1544-7DD8-4812-86B7-1F98537E593F}.AppStore|x64.Build.0 = Debug|Any CPU
		{7FBF1544-7DD8-4812-86B7-1F98537E593F}.AppStore|x86.ActiveCfg = Release|Any CPU
		{7FBF1544-7DD8-4812-86B7-1F98537E593F}.Debug|Any CPU.ActiveCfg = Debug|Any CPU
		{7FBF1544-7DD8-4812-86B7-1F98537E593F}.Debug|Any CPU.Build.0 = Debug|Any CPU
		{7FBF1544-7DD8-4812-86B7-1F98537E593F}.Debug|ARM.ActiveCfg = Debug|Any CPU
		{7FBF1544-7DD8-4812-86B7-1F98537E593F}.Debug|iPhone.ActiveCfg = Debug|Any CPU
		{7FBF1544-7DD8-4812-86B7-1F98537E593F}.Debug|iPhoneSimulator.ActiveCfg = Debug|Any CPU
		{7FBF1544-7DD8-4812-86B7-1F98537E593F}.Debug|Mixed Platforms.ActiveCfg = Debug|Any CPU
		{7FBF1544-7DD8-4812-86B7-1F98537E593F}.Debug|Mixed Platforms.Build.0 = Debug|Any CPU
		{7FBF1544-7DD8-4812-86B7-1F98537E593F}.Debug|x64.ActiveCfg = Debug|Any CPU
		{7FBF1544-7DD8-4812-86B7-1F98537E593F}.Debug|x64.Build.0 = Debug|Any CPU
		{7FBF1544-7DD8-4812-86B7-1F98537E593F}.Debug|x86.ActiveCfg = Debug|Any CPU
		{7FBF1544-7DD8-4812-86B7-1F98537E593F}.Release|Any CPU.ActiveCfg = Release|Any CPU
		{7FBF1544-7DD8-4812-86B7-1F98537E593F}.Release|Any CPU.Build.0 = Release|Any CPU
		{7FBF1544-7DD8-4812-86B7-1F98537E593F}.Release|ARM.ActiveCfg = Release|Any CPU
		{7FBF1544-7DD8-4812-86B7-1F98537E593F}.Release|iPhone.ActiveCfg = Release|Any CPU
		{7FBF1544-7DD8-4812-86B7-1F98537E593F}.Release|iPhoneSimulator.ActiveCfg = Release|Any CPU
		{7FBF1544-7DD8-4812-86B7-1F98537E593F}.Release|Mixed Platforms.ActiveCfg = Release|Any CPU
		{7FBF1544-7DD8-4812-86B7-1F98537E593F}.Release|Mixed Platforms.Build.0 = Release|Any CPU
		{7FBF1544-7DD8-4812-86B7-1F98537E593F}.Release|x64.ActiveCfg = Release|Any CPU
		{7FBF1544-7DD8-4812-86B7-1F98537E593F}.Release|x64.Build.0 = Release|Any CPU
		{7FBF1544-7DD8-4812-86B7-1F98537E593F}.Release|x86.ActiveCfg = Release|Any CPU
		{2B743718-943B-45C3-9FB7-72B2667CD48C}.Ad-Hoc|Any CPU.ActiveCfg = Release|Any CPU
		{2B743718-943B-45C3-9FB7-72B2667CD48C}.Ad-Hoc|Any CPU.Build.0 = Release|Any CPU
		{2B743718-943B-45C3-9FB7-72B2667CD48C}.Ad-Hoc|ARM.ActiveCfg = Release|Any CPU
		{2B743718-943B-45C3-9FB7-72B2667CD48C}.Ad-Hoc|iPhone.ActiveCfg = Release|Any CPU
		{2B743718-943B-45C3-9FB7-72B2667CD48C}.Ad-Hoc|iPhoneSimulator.ActiveCfg = Release|Any CPU
		{2B743718-943B-45C3-9FB7-72B2667CD48C}.Ad-Hoc|Mixed Platforms.ActiveCfg = Release|Any CPU
		{2B743718-943B-45C3-9FB7-72B2667CD48C}.Ad-Hoc|Mixed Platforms.Build.0 = Release|Any CPU
		{2B743718-943B-45C3-9FB7-72B2667CD48C}.Ad-Hoc|x64.ActiveCfg = Debug|Any CPU
		{2B743718-943B-45C3-9FB7-72B2667CD48C}.Ad-Hoc|x64.Build.0 = Debug|Any CPU
		{2B743718-943B-45C3-9FB7-72B2667CD48C}.Ad-Hoc|x86.ActiveCfg = Release|Any CPU
		{2B743718-943B-45C3-9FB7-72B2667CD48C}.AppStore|Any CPU.ActiveCfg = Release|Any CPU
		{2B743718-943B-45C3-9FB7-72B2667CD48C}.AppStore|Any CPU.Build.0 = Release|Any CPU
		{2B743718-943B-45C3-9FB7-72B2667CD48C}.AppStore|ARM.ActiveCfg = Release|Any CPU
		{2B743718-943B-45C3-9FB7-72B2667CD48C}.AppStore|iPhone.ActiveCfg = Release|Any CPU
		{2B743718-943B-45C3-9FB7-72B2667CD48C}.AppStore|iPhoneSimulator.ActiveCfg = Release|Any CPU
		{2B743718-943B-45C3-9FB7-72B2667CD48C}.AppStore|Mixed Platforms.ActiveCfg = Release|Any CPU
		{2B743718-943B-45C3-9FB7-72B2667CD48C}.AppStore|Mixed Platforms.Build.0 = Release|Any CPU
		{2B743718-943B-45C3-9FB7-72B2667CD48C}.AppStore|x64.ActiveCfg = Debug|Any CPU
		{2B743718-943B-45C3-9FB7-72B2667CD48C}.AppStore|x64.Build.0 = Debug|Any CPU
		{2B743718-943B-45C3-9FB7-72B2667CD48C}.AppStore|x86.ActiveCfg = Release|Any CPU
		{2B743718-943B-45C3-9FB7-72B2667CD48C}.Debug|Any CPU.ActiveCfg = Debug|Any CPU
		{2B743718-943B-45C3-9FB7-72B2667CD48C}.Debug|Any CPU.Build.0 = Debug|Any CPU
		{2B743718-943B-45C3-9FB7-72B2667CD48C}.Debug|ARM.ActiveCfg = Debug|Any CPU
		{2B743718-943B-45C3-9FB7-72B2667CD48C}.Debug|iPhone.ActiveCfg = Debug|Any CPU
		{2B743718-943B-45C3-9FB7-72B2667CD48C}.Debug|iPhoneSimulator.ActiveCfg = Debug|Any CPU
		{2B743718-943B-45C3-9FB7-72B2667CD48C}.Debug|Mixed Platforms.ActiveCfg = Debug|Any CPU
		{2B743718-943B-45C3-9FB7-72B2667CD48C}.Debug|Mixed Platforms.Build.0 = Debug|Any CPU
		{2B743718-943B-45C3-9FB7-72B2667CD48C}.Debug|x64.ActiveCfg = Debug|Any CPU
		{2B743718-943B-45C3-9FB7-72B2667CD48C}.Debug|x64.Build.0 = Debug|Any CPU
		{2B743718-943B-45C3-9FB7-72B2667CD48C}.Debug|x86.ActiveCfg = Debug|Any CPU
		{2B743718-943B-45C3-9FB7-72B2667CD48C}.Release|Any CPU.ActiveCfg = Release|Any CPU
		{2B743718-943B-45C3-9FB7-72B2667CD48C}.Release|Any CPU.Build.0 = Release|Any CPU
		{2B743718-943B-45C3-9FB7-72B2667CD48C}.Release|ARM.ActiveCfg = Release|Any CPU
		{2B743718-943B-45C3-9FB7-72B2667CD48C}.Release|iPhone.ActiveCfg = Release|Any CPU
		{2B743718-943B-45C3-9FB7-72B2667CD48C}.Release|iPhoneSimulator.ActiveCfg = Release|Any CPU
		{2B743718-943B-45C3-9FB7-72B2667CD48C}.Release|Mixed Platforms.ActiveCfg = Release|Any CPU
		{2B743718-943B-45C3-9FB7-72B2667CD48C}.Release|Mixed Platforms.Build.0 = Release|Any CPU
		{2B743718-943B-45C3-9FB7-72B2667CD48C}.Release|x64.ActiveCfg = Release|Any CPU
		{2B743718-943B-45C3-9FB7-72B2667CD48C}.Release|x64.Build.0 = Release|Any CPU
		{2B743718-943B-45C3-9FB7-72B2667CD48C}.Release|x86.ActiveCfg = Release|Any CPU
		{3A4B8E88-FA9B-4663-BCDA-21C12E3AF98A}.Ad-Hoc|Any CPU.ActiveCfg = Release|Any CPU
		{3A4B8E88-FA9B-4663-BCDA-21C12E3AF98A}.Ad-Hoc|Any CPU.Build.0 = Release|Any CPU
		{3A4B8E88-FA9B-4663-BCDA-21C12E3AF98A}.Ad-Hoc|ARM.ActiveCfg = Release|Any CPU
		{3A4B8E88-FA9B-4663-BCDA-21C12E3AF98A}.Ad-Hoc|iPhone.ActiveCfg = Release|Any CPU
		{3A4B8E88-FA9B-4663-BCDA-21C12E3AF98A}.Ad-Hoc|iPhoneSimulator.ActiveCfg = Release|Any CPU
		{3A4B8E88-FA9B-4663-BCDA-21C12E3AF98A}.Ad-Hoc|Mixed Platforms.ActiveCfg = Release|Any CPU
		{3A4B8E88-FA9B-4663-BCDA-21C12E3AF98A}.Ad-Hoc|Mixed Platforms.Build.0 = Release|Any CPU
		{3A4B8E88-FA9B-4663-BCDA-21C12E3AF98A}.Ad-Hoc|x64.ActiveCfg = Debug|Any CPU
		{3A4B8E88-FA9B-4663-BCDA-21C12E3AF98A}.Ad-Hoc|x64.Build.0 = Debug|Any CPU
		{3A4B8E88-FA9B-4663-BCDA-21C12E3AF98A}.Ad-Hoc|x86.ActiveCfg = Release|Any CPU
		{3A4B8E88-FA9B-4663-BCDA-21C12E3AF98A}.AppStore|Any CPU.ActiveCfg = Release|Any CPU
		{3A4B8E88-FA9B-4663-BCDA-21C12E3AF98A}.AppStore|Any CPU.Build.0 = Release|Any CPU
		{3A4B8E88-FA9B-4663-BCDA-21C12E3AF98A}.AppStore|ARM.ActiveCfg = Release|Any CPU
		{3A4B8E88-FA9B-4663-BCDA-21C12E3AF98A}.AppStore|iPhone.ActiveCfg = Release|Any CPU
		{3A4B8E88-FA9B-4663-BCDA-21C12E3AF98A}.AppStore|iPhoneSimulator.ActiveCfg = Release|Any CPU
		{3A4B8E88-FA9B-4663-BCDA-21C12E3AF98A}.AppStore|Mixed Platforms.ActiveCfg = Release|Any CPU
		{3A4B8E88-FA9B-4663-BCDA-21C12E3AF98A}.AppStore|Mixed Platforms.Build.0 = Release|Any CPU
		{3A4B8E88-FA9B-4663-BCDA-21C12E3AF98A}.AppStore|x64.ActiveCfg = Debug|Any CPU
		{3A4B8E88-FA9B-4663-BCDA-21C12E3AF98A}.AppStore|x64.Build.0 = Debug|Any CPU
		{3A4B8E88-FA9B-4663-BCDA-21C12E3AF98A}.AppStore|x86.ActiveCfg = Release|Any CPU
		{3A4B8E88-FA9B-4663-BCDA-21C12E3AF98A}.Debug|Any CPU.ActiveCfg = Debug|Any CPU
		{3A4B8E88-FA9B-4663-BCDA-21C12E3AF98A}.Debug|Any CPU.Build.0 = Debug|Any CPU
		{3A4B8E88-FA9B-4663-BCDA-21C12E3AF98A}.Debug|ARM.ActiveCfg = Debug|Any CPU
		{3A4B8E88-FA9B-4663-BCDA-21C12E3AF98A}.Debug|iPhone.ActiveCfg = Debug|Any CPU
		{3A4B8E88-FA9B-4663-BCDA-21C12E3AF98A}.Debug|iPhoneSimulator.ActiveCfg = Debug|Any CPU
		{3A4B8E88-FA9B-4663-BCDA-21C12E3AF98A}.Debug|Mixed Platforms.ActiveCfg = Debug|Any CPU
		{3A4B8E88-FA9B-4663-BCDA-21C12E3AF98A}.Debug|Mixed Platforms.Build.0 = Debug|Any CPU
		{3A4B8E88-FA9B-4663-BCDA-21C12E3AF98A}.Debug|x64.ActiveCfg = Debug|Any CPU
		{3A4B8E88-FA9B-4663-BCDA-21C12E3AF98A}.Debug|x64.Build.0 = Debug|Any CPU
		{3A4B8E88-FA9B-4663-BCDA-21C12E3AF98A}.Debug|x86.ActiveCfg = Debug|Any CPU
		{3A4B8E88-FA9B-4663-BCDA-21C12E3AF98A}.Release|Any CPU.ActiveCfg = Release|Any CPU
		{3A4B8E88-FA9B-4663-BCDA-21C12E3AF98A}.Release|Any CPU.Build.0 = Release|Any CPU
		{3A4B8E88-FA9B-4663-BCDA-21C12E3AF98A}.Release|ARM.ActiveCfg = Release|Any CPU
		{3A4B8E88-FA9B-4663-BCDA-21C12E3AF98A}.Release|iPhone.ActiveCfg = Release|Any CPU
		{3A4B8E88-FA9B-4663-BCDA-21C12E3AF98A}.Release|iPhoneSimulator.ActiveCfg = Release|Any CPU
		{3A4B8E88-FA9B-4663-BCDA-21C12E3AF98A}.Release|Mixed Platforms.ActiveCfg = Release|Any CPU
		{3A4B8E88-FA9B-4663-BCDA-21C12E3AF98A}.Release|Mixed Platforms.Build.0 = Release|Any CPU
		{3A4B8E88-FA9B-4663-BCDA-21C12E3AF98A}.Release|x64.ActiveCfg = Release|Any CPU
		{3A4B8E88-FA9B-4663-BCDA-21C12E3AF98A}.Release|x64.Build.0 = Release|Any CPU
		{3A4B8E88-FA9B-4663-BCDA-21C12E3AF98A}.Release|x86.ActiveCfg = Release|Any CPU
		{696A26AD-B62A-44C8-8E25-FB4271ACA733}.Ad-Hoc|Any CPU.ActiveCfg = Release|Any CPU
		{696A26AD-B62A-44C8-8E25-FB4271ACA733}.Ad-Hoc|Any CPU.Build.0 = Release|Any CPU
		{696A26AD-B62A-44C8-8E25-FB4271ACA733}.Ad-Hoc|ARM.ActiveCfg = Release|Any CPU
		{696A26AD-B62A-44C8-8E25-FB4271ACA733}.Ad-Hoc|iPhone.ActiveCfg = Release|Any CPU
		{696A26AD-B62A-44C8-8E25-FB4271ACA733}.Ad-Hoc|iPhoneSimulator.ActiveCfg = Release|Any CPU
		{696A26AD-B62A-44C8-8E25-FB4271ACA733}.Ad-Hoc|Mixed Platforms.ActiveCfg = Release|Any CPU
		{696A26AD-B62A-44C8-8E25-FB4271ACA733}.Ad-Hoc|Mixed Platforms.Build.0 = Release|Any CPU
		{696A26AD-B62A-44C8-8E25-FB4271ACA733}.Ad-Hoc|x64.ActiveCfg = Debug|Any CPU
		{696A26AD-B62A-44C8-8E25-FB4271ACA733}.Ad-Hoc|x64.Build.0 = Debug|Any CPU
		{696A26AD-B62A-44C8-8E25-FB4271ACA733}.Ad-Hoc|x86.ActiveCfg = Release|Any CPU
		{696A26AD-B62A-44C8-8E25-FB4271ACA733}.AppStore|Any CPU.ActiveCfg = Release|Any CPU
		{696A26AD-B62A-44C8-8E25-FB4271ACA733}.AppStore|Any CPU.Build.0 = Release|Any CPU
		{696A26AD-B62A-44C8-8E25-FB4271ACA733}.AppStore|ARM.ActiveCfg = Release|Any CPU
		{696A26AD-B62A-44C8-8E25-FB4271ACA733}.AppStore|iPhone.ActiveCfg = Release|Any CPU
		{696A26AD-B62A-44C8-8E25-FB4271ACA733}.AppStore|iPhoneSimulator.ActiveCfg = Release|Any CPU
		{696A26AD-B62A-44C8-8E25-FB4271ACA733}.AppStore|Mixed Platforms.ActiveCfg = Release|Any CPU
		{696A26AD-B62A-44C8-8E25-FB4271ACA733}.AppStore|Mixed Platforms.Build.0 = Release|Any CPU
		{696A26AD-B62A-44C8-8E25-FB4271ACA733}.AppStore|x64.ActiveCfg = Debug|Any CPU
		{696A26AD-B62A-44C8-8E25-FB4271ACA733}.AppStore|x64.Build.0 = Debug|Any CPU
		{696A26AD-B62A-44C8-8E25-FB4271ACA733}.AppStore|x86.ActiveCfg = Release|Any CPU
		{696A26AD-B62A-44C8-8E25-FB4271ACA733}.Debug|Any CPU.ActiveCfg = Debug|Any CPU
		{696A26AD-B62A-44C8-8E25-FB4271ACA733}.Debug|Any CPU.Build.0 = Debug|Any CPU
		{696A26AD-B62A-44C8-8E25-FB4271ACA733}.Debug|ARM.ActiveCfg = Debug|Any CPU
		{696A26AD-B62A-44C8-8E25-FB4271ACA733}.Debug|iPhone.ActiveCfg = Debug|Any CPU
		{696A26AD-B62A-44C8-8E25-FB4271ACA733}.Debug|iPhoneSimulator.ActiveCfg = Debug|Any CPU
		{696A26AD-B62A-44C8-8E25-FB4271ACA733}.Debug|Mixed Platforms.ActiveCfg = Debug|Any CPU
		{696A26AD-B62A-44C8-8E25-FB4271ACA733}.Debug|Mixed Platforms.Build.0 = Debug|Any CPU
		{696A26AD-B62A-44C8-8E25-FB4271ACA733}.Debug|x64.ActiveCfg = Debug|Any CPU
		{696A26AD-B62A-44C8-8E25-FB4271ACA733}.Debug|x64.Build.0 = Debug|Any CPU
		{696A26AD-B62A-44C8-8E25-FB4271ACA733}.Debug|x86.ActiveCfg = Debug|Any CPU
		{696A26AD-B62A-44C8-8E25-FB4271ACA733}.Release|Any CPU.ActiveCfg = Release|Any CPU
		{696A26AD-B62A-44C8-8E25-FB4271ACA733}.Release|Any CPU.Build.0 = Release|Any CPU
		{696A26AD-B62A-44C8-8E25-FB4271ACA733}.Release|ARM.ActiveCfg = Release|Any CPU
		{696A26AD-B62A-44C8-8E25-FB4271ACA733}.Release|iPhone.ActiveCfg = Release|Any CPU
		{696A26AD-B62A-44C8-8E25-FB4271ACA733}.Release|iPhoneSimulator.ActiveCfg = Release|Any CPU
		{696A26AD-B62A-44C8-8E25-FB4271ACA733}.Release|Mixed Platforms.ActiveCfg = Release|Any CPU
		{696A26AD-B62A-44C8-8E25-FB4271ACA733}.Release|Mixed Platforms.Build.0 = Release|Any CPU
		{696A26AD-B62A-44C8-8E25-FB4271ACA733}.Release|x64.ActiveCfg = Release|Any CPU
		{696A26AD-B62A-44C8-8E25-FB4271ACA733}.Release|x64.Build.0 = Release|Any CPU
		{696A26AD-B62A-44C8-8E25-FB4271ACA733}.Release|x86.ActiveCfg = Release|Any CPU
		{9D1E0207-8F44-4A0A-9E2B-FB4488509511}.Ad-Hoc|Any CPU.ActiveCfg = Ad-Hoc|iPhone
		{9D1E0207-8F44-4A0A-9E2B-FB4488509511}.Ad-Hoc|ARM.ActiveCfg = Ad-Hoc|iPhone
		{9D1E0207-8F44-4A0A-9E2B-FB4488509511}.Ad-Hoc|iPhone.ActiveCfg = Ad-Hoc|iPhone
		{9D1E0207-8F44-4A0A-9E2B-FB4488509511}.Ad-Hoc|iPhone.Build.0 = Ad-Hoc|iPhone
		{9D1E0207-8F44-4A0A-9E2B-FB4488509511}.Ad-Hoc|iPhoneSimulator.ActiveCfg = Ad-Hoc|iPhoneSimulator
		{9D1E0207-8F44-4A0A-9E2B-FB4488509511}.Ad-Hoc|iPhoneSimulator.Build.0 = Ad-Hoc|iPhoneSimulator
		{9D1E0207-8F44-4A0A-9E2B-FB4488509511}.Ad-Hoc|Mixed Platforms.ActiveCfg = Ad-Hoc|iPhone
		{9D1E0207-8F44-4A0A-9E2B-FB4488509511}.Ad-Hoc|Mixed Platforms.Build.0 = Ad-Hoc|iPhone
		{9D1E0207-8F44-4A0A-9E2B-FB4488509511}.Ad-Hoc|x64.ActiveCfg = Ad-Hoc|iPhoneSimulator
		{9D1E0207-8F44-4A0A-9E2B-FB4488509511}.Ad-Hoc|x86.ActiveCfg = Ad-Hoc|iPhone
		{9D1E0207-8F44-4A0A-9E2B-FB4488509511}.AppStore|Any CPU.ActiveCfg = AppStore|iPhone
		{9D1E0207-8F44-4A0A-9E2B-FB4488509511}.AppStore|ARM.ActiveCfg = AppStore|iPhone
		{9D1E0207-8F44-4A0A-9E2B-FB4488509511}.AppStore|iPhone.ActiveCfg = AppStore|iPhone
		{9D1E0207-8F44-4A0A-9E2B-FB4488509511}.AppStore|iPhone.Build.0 = AppStore|iPhone
		{9D1E0207-8F44-4A0A-9E2B-FB4488509511}.AppStore|iPhoneSimulator.ActiveCfg = AppStore|iPhoneSimulator
		{9D1E0207-8F44-4A0A-9E2B-FB4488509511}.AppStore|iPhoneSimulator.Build.0 = AppStore|iPhoneSimulator
		{9D1E0207-8F44-4A0A-9E2B-FB4488509511}.AppStore|Mixed Platforms.ActiveCfg = AppStore|iPhone
		{9D1E0207-8F44-4A0A-9E2B-FB4488509511}.AppStore|Mixed Platforms.Build.0 = AppStore|iPhone
		{9D1E0207-8F44-4A0A-9E2B-FB4488509511}.AppStore|x64.ActiveCfg = AppStore|iPhoneSimulator
		{9D1E0207-8F44-4A0A-9E2B-FB4488509511}.AppStore|x86.ActiveCfg = AppStore|iPhone
		{9D1E0207-8F44-4A0A-9E2B-FB4488509511}.Debug|Any CPU.ActiveCfg = Debug|iPhone
		{9D1E0207-8F44-4A0A-9E2B-FB4488509511}.Debug|ARM.ActiveCfg = Debug|iPhone
		{9D1E0207-8F44-4A0A-9E2B-FB4488509511}.Debug|iPhone.ActiveCfg = Debug|iPhone
		{9D1E0207-8F44-4A0A-9E2B-FB4488509511}.Debug|iPhone.Build.0 = Debug|iPhone
		{9D1E0207-8F44-4A0A-9E2B-FB4488509511}.Debug|iPhoneSimulator.ActiveCfg = Debug|iPhoneSimulator
		{9D1E0207-8F44-4A0A-9E2B-FB4488509511}.Debug|iPhoneSimulator.Build.0 = Debug|iPhoneSimulator
		{9D1E0207-8F44-4A0A-9E2B-FB4488509511}.Debug|Mixed Platforms.ActiveCfg = Debug|iPhone
		{9D1E0207-8F44-4A0A-9E2B-FB4488509511}.Debug|Mixed Platforms.Build.0 = Debug|iPhone
		{9D1E0207-8F44-4A0A-9E2B-FB4488509511}.Debug|x64.ActiveCfg = Debug|iPhoneSimulator
		{9D1E0207-8F44-4A0A-9E2B-FB4488509511}.Debug|x86.ActiveCfg = Debug|iPhone
		{9D1E0207-8F44-4A0A-9E2B-FB4488509511}.Release|Any CPU.ActiveCfg = Release|iPhone
		{9D1E0207-8F44-4A0A-9E2B-FB4488509511}.Release|ARM.ActiveCfg = Release|iPhone
		{9D1E0207-8F44-4A0A-9E2B-FB4488509511}.Release|iPhone.ActiveCfg = Release|iPhone
		{9D1E0207-8F44-4A0A-9E2B-FB4488509511}.Release|iPhone.Build.0 = Release|iPhone
		{9D1E0207-8F44-4A0A-9E2B-FB4488509511}.Release|iPhoneSimulator.ActiveCfg = Release|iPhoneSimulator
		{9D1E0207-8F44-4A0A-9E2B-FB4488509511}.Release|iPhoneSimulator.Build.0 = Release|iPhoneSimulator
		{9D1E0207-8F44-4A0A-9E2B-FB4488509511}.Release|Mixed Platforms.ActiveCfg = Release|iPhone
		{9D1E0207-8F44-4A0A-9E2B-FB4488509511}.Release|Mixed Platforms.Build.0 = Release|iPhone
		{9D1E0207-8F44-4A0A-9E2B-FB4488509511}.Release|x64.ActiveCfg = Release|iPhoneSimulator
		{9D1E0207-8F44-4A0A-9E2B-FB4488509511}.Release|x86.ActiveCfg = Release|iPhone
		{D6E363F0-77F0-4149-A002-B03491C7140C}.Ad-Hoc|Any CPU.ActiveCfg = Release|Any CPU
		{D6E363F0-77F0-4149-A002-B03491C7140C}.Ad-Hoc|Any CPU.Build.0 = Release|Any CPU
		{D6E363F0-77F0-4149-A002-B03491C7140C}.Ad-Hoc|Any CPU.Deploy.0 = Release|Any CPU
		{D6E363F0-77F0-4149-A002-B03491C7140C}.Ad-Hoc|ARM.ActiveCfg = Release|Any CPU
		{D6E363F0-77F0-4149-A002-B03491C7140C}.Ad-Hoc|iPhone.ActiveCfg = Release|Any CPU
		{D6E363F0-77F0-4149-A002-B03491C7140C}.Ad-Hoc|iPhoneSimulator.ActiveCfg = Release|Any CPU
		{D6E363F0-77F0-4149-A002-B03491C7140C}.Ad-Hoc|Mixed Platforms.ActiveCfg = Release|Any CPU
		{D6E363F0-77F0-4149-A002-B03491C7140C}.Ad-Hoc|Mixed Platforms.Build.0 = Release|Any CPU
		{D6E363F0-77F0-4149-A002-B03491C7140C}.Ad-Hoc|Mixed Platforms.Deploy.0 = Release|Any CPU
		{D6E363F0-77F0-4149-A002-B03491C7140C}.Ad-Hoc|x64.ActiveCfg = Debug|Any CPU
		{D6E363F0-77F0-4149-A002-B03491C7140C}.Ad-Hoc|x64.Build.0 = Debug|Any CPU
		{D6E363F0-77F0-4149-A002-B03491C7140C}.Ad-Hoc|x64.Deploy.0 = Debug|Any CPU
		{D6E363F0-77F0-4149-A002-B03491C7140C}.Ad-Hoc|x86.ActiveCfg = Release|Any CPU
		{D6E363F0-77F0-4149-A002-B03491C7140C}.AppStore|Any CPU.ActiveCfg = Release|Any CPU
		{D6E363F0-77F0-4149-A002-B03491C7140C}.AppStore|Any CPU.Build.0 = Release|Any CPU
		{D6E363F0-77F0-4149-A002-B03491C7140C}.AppStore|Any CPU.Deploy.0 = Release|Any CPU
		{D6E363F0-77F0-4149-A002-B03491C7140C}.AppStore|ARM.ActiveCfg = Release|Any CPU
		{D6E363F0-77F0-4149-A002-B03491C7140C}.AppStore|iPhone.ActiveCfg = Release|Any CPU
		{D6E363F0-77F0-4149-A002-B03491C7140C}.AppStore|iPhoneSimulator.ActiveCfg = Release|Any CPU
		{D6E363F0-77F0-4149-A002-B03491C7140C}.AppStore|Mixed Platforms.ActiveCfg = Release|Any CPU
		{D6E363F0-77F0-4149-A002-B03491C7140C}.AppStore|Mixed Platforms.Build.0 = Release|Any CPU
		{D6E363F0-77F0-4149-A002-B03491C7140C}.AppStore|Mixed Platforms.Deploy.0 = Release|Any CPU
		{D6E363F0-77F0-4149-A002-B03491C7140C}.AppStore|x64.ActiveCfg = Debug|Any CPU
		{D6E363F0-77F0-4149-A002-B03491C7140C}.AppStore|x64.Build.0 = Debug|Any CPU
		{D6E363F0-77F0-4149-A002-B03491C7140C}.AppStore|x64.Deploy.0 = Debug|Any CPU
		{D6E363F0-77F0-4149-A002-B03491C7140C}.AppStore|x86.ActiveCfg = Release|Any CPU
		{D6E363F0-77F0-4149-A002-B03491C7140C}.Debug|Any CPU.ActiveCfg = Debug|Any CPU
		{D6E363F0-77F0-4149-A002-B03491C7140C}.Debug|Any CPU.Build.0 = Debug|Any CPU
		{D6E363F0-77F0-4149-A002-B03491C7140C}.Debug|Any CPU.Deploy.0 = Debug|Any CPU
		{D6E363F0-77F0-4149-A002-B03491C7140C}.Debug|ARM.ActiveCfg = Debug|Any CPU
		{D6E363F0-77F0-4149-A002-B03491C7140C}.Debug|iPhone.ActiveCfg = Debug|Any CPU
		{D6E363F0-77F0-4149-A002-B03491C7140C}.Debug|iPhoneSimulator.ActiveCfg = Debug|Any CPU
		{D6E363F0-77F0-4149-A002-B03491C7140C}.Debug|Mixed Platforms.ActiveCfg = Debug|Any CPU
		{D6E363F0-77F0-4149-A002-B03491C7140C}.Debug|Mixed Platforms.Build.0 = Debug|Any CPU
		{D6E363F0-77F0-4149-A002-B03491C7140C}.Debug|Mixed Platforms.Deploy.0 = Debug|Any CPU
		{D6E363F0-77F0-4149-A002-B03491C7140C}.Debug|x64.ActiveCfg = Debug|Any CPU
		{D6E363F0-77F0-4149-A002-B03491C7140C}.Debug|x64.Build.0 = Debug|Any CPU
		{D6E363F0-77F0-4149-A002-B03491C7140C}.Debug|x64.Deploy.0 = Debug|Any CPU
		{D6E363F0-77F0-4149-A002-B03491C7140C}.Debug|x86.ActiveCfg = Debug|Any CPU
		{D6E363F0-77F0-4149-A002-B03491C7140C}.Release|Any CPU.ActiveCfg = Release|Any CPU
		{D6E363F0-77F0-4149-A002-B03491C7140C}.Release|Any CPU.Build.0 = Release|Any CPU
		{D6E363F0-77F0-4149-A002-B03491C7140C}.Release|Any CPU.Deploy.0 = Release|Any CPU
		{D6E363F0-77F0-4149-A002-B03491C7140C}.Release|ARM.ActiveCfg = Release|Any CPU
		{D6E363F0-77F0-4149-A002-B03491C7140C}.Release|iPhone.ActiveCfg = Release|Any CPU
		{D6E363F0-77F0-4149-A002-B03491C7140C}.Release|iPhoneSimulator.ActiveCfg = Release|Any CPU
		{D6E363F0-77F0-4149-A002-B03491C7140C}.Release|Mixed Platforms.ActiveCfg = Release|Any CPU
		{D6E363F0-77F0-4149-A002-B03491C7140C}.Release|Mixed Platforms.Build.0 = Release|Any CPU
		{D6E363F0-77F0-4149-A002-B03491C7140C}.Release|Mixed Platforms.Deploy.0 = Release|Any CPU
		{D6E363F0-77F0-4149-A002-B03491C7140C}.Release|x64.ActiveCfg = Release|Any CPU
		{D6E363F0-77F0-4149-A002-B03491C7140C}.Release|x64.Build.0 = Release|Any CPU
		{D6E363F0-77F0-4149-A002-B03491C7140C}.Release|x64.Deploy.0 = Release|Any CPU
		{D6E363F0-77F0-4149-A002-B03491C7140C}.Release|x86.ActiveCfg = Release|Any CPU
		{FA0C88AB-2C21-42BC-89BC-2FBFD7404394}.Ad-Hoc|Any CPU.ActiveCfg = Release|Any CPU
		{FA0C88AB-2C21-42BC-89BC-2FBFD7404394}.Ad-Hoc|Any CPU.Build.0 = Release|Any CPU
		{FA0C88AB-2C21-42BC-89BC-2FBFD7404394}.Ad-Hoc|ARM.ActiveCfg = Release|Any CPU
		{FA0C88AB-2C21-42BC-89BC-2FBFD7404394}.Ad-Hoc|ARM.Build.0 = Release|Any CPU
		{FA0C88AB-2C21-42BC-89BC-2FBFD7404394}.Ad-Hoc|iPhone.ActiveCfg = Release|Any CPU
		{FA0C88AB-2C21-42BC-89BC-2FBFD7404394}.Ad-Hoc|iPhone.Build.0 = Release|Any CPU
		{FA0C88AB-2C21-42BC-89BC-2FBFD7404394}.Ad-Hoc|iPhoneSimulator.ActiveCfg = Release|Any CPU
		{FA0C88AB-2C21-42BC-89BC-2FBFD7404394}.Ad-Hoc|iPhoneSimulator.Build.0 = Release|Any CPU
		{FA0C88AB-2C21-42BC-89BC-2FBFD7404394}.Ad-Hoc|Mixed Platforms.ActiveCfg = Release|Any CPU
		{FA0C88AB-2C21-42BC-89BC-2FBFD7404394}.Ad-Hoc|Mixed Platforms.Build.0 = Release|Any CPU
		{FA0C88AB-2C21-42BC-89BC-2FBFD7404394}.Ad-Hoc|x64.ActiveCfg = Release|Any CPU
		{FA0C88AB-2C21-42BC-89BC-2FBFD7404394}.Ad-Hoc|x64.Build.0 = Release|Any CPU
		{FA0C88AB-2C21-42BC-89BC-2FBFD7404394}.Ad-Hoc|x86.ActiveCfg = Release|Any CPU
		{FA0C88AB-2C21-42BC-89BC-2FBFD7404394}.Ad-Hoc|x86.Build.0 = Release|Any CPU
		{FA0C88AB-2C21-42BC-89BC-2FBFD7404394}.AppStore|Any CPU.ActiveCfg = Release|Any CPU
		{FA0C88AB-2C21-42BC-89BC-2FBFD7404394}.AppStore|Any CPU.Build.0 = Release|Any CPU
		{FA0C88AB-2C21-42BC-89BC-2FBFD7404394}.AppStore|ARM.ActiveCfg = Release|Any CPU
		{FA0C88AB-2C21-42BC-89BC-2FBFD7404394}.AppStore|ARM.Build.0 = Release|Any CPU
		{FA0C88AB-2C21-42BC-89BC-2FBFD7404394}.AppStore|iPhone.ActiveCfg = Release|Any CPU
		{FA0C88AB-2C21-42BC-89BC-2FBFD7404394}.AppStore|iPhone.Build.0 = Release|Any CPU
		{FA0C88AB-2C21-42BC-89BC-2FBFD7404394}.AppStore|iPhoneSimulator.ActiveCfg = Release|Any CPU
		{FA0C88AB-2C21-42BC-89BC-2FBFD7404394}.AppStore|iPhoneSimulator.Build.0 = Release|Any CPU
		{FA0C88AB-2C21-42BC-89BC-2FBFD7404394}.AppStore|Mixed Platforms.ActiveCfg = Release|Any CPU
		{FA0C88AB-2C21-42BC-89BC-2FBFD7404394}.AppStore|Mixed Platforms.Build.0 = Release|Any CPU
		{FA0C88AB-2C21-42BC-89BC-2FBFD7404394}.AppStore|x64.ActiveCfg = Release|Any CPU
		{FA0C88AB-2C21-42BC-89BC-2FBFD7404394}.AppStore|x64.Build.0 = Release|Any CPU
		{FA0C88AB-2C21-42BC-89BC-2FBFD7404394}.AppStore|x86.ActiveCfg = Release|Any CPU
		{FA0C88AB-2C21-42BC-89BC-2FBFD7404394}.AppStore|x86.Build.0 = Release|Any CPU
		{FA0C88AB-2C21-42BC-89BC-2FBFD7404394}.Debug|Any CPU.ActiveCfg = Debug|Any CPU
		{FA0C88AB-2C21-42BC-89BC-2FBFD7404394}.Debug|Any CPU.Build.0 = Debug|Any CPU
		{FA0C88AB-2C21-42BC-89BC-2FBFD7404394}.Debug|ARM.ActiveCfg = Debug|Any CPU
		{FA0C88AB-2C21-42BC-89BC-2FBFD7404394}.Debug|ARM.Build.0 = Debug|Any CPU
		{FA0C88AB-2C21-42BC-89BC-2FBFD7404394}.Debug|iPhone.ActiveCfg = Debug|Any CPU
		{FA0C88AB-2C21-42BC-89BC-2FBFD7404394}.Debug|iPhone.Build.0 = Debug|Any CPU
		{FA0C88AB-2C21-42BC-89BC-2FBFD7404394}.Debug|iPhoneSimulator.ActiveCfg = Debug|Any CPU
		{FA0C88AB-2C21-42BC-89BC-2FBFD7404394}.Debug|iPhoneSimulator.Build.0 = Debug|Any CPU
		{FA0C88AB-2C21-42BC-89BC-2FBFD7404394}.Debug|Mixed Platforms.ActiveCfg = Debug|Any CPU
		{FA0C88AB-2C21-42BC-89BC-2FBFD7404394}.Debug|Mixed Platforms.Build.0 = Debug|Any CPU
		{FA0C88AB-2C21-42BC-89BC-2FBFD7404394}.Debug|x64.ActiveCfg = Debug|Any CPU
		{FA0C88AB-2C21-42BC-89BC-2FBFD7404394}.Debug|x64.Build.0 = Debug|Any CPU
		{FA0C88AB-2C21-42BC-89BC-2FBFD7404394}.Debug|x86.ActiveCfg = Debug|Any CPU
		{FA0C88AB-2C21-42BC-89BC-2FBFD7404394}.Debug|x86.Build.0 = Debug|Any CPU
		{FA0C88AB-2C21-42BC-89BC-2FBFD7404394}.Release|Any CPU.ActiveCfg = Release|Any CPU
		{FA0C88AB-2C21-42BC-89BC-2FBFD7404394}.Release|Any CPU.Build.0 = Release|Any CPU
		{FA0C88AB-2C21-42BC-89BC-2FBFD7404394}.Release|ARM.ActiveCfg = Release|Any CPU
		{FA0C88AB-2C21-42BC-89BC-2FBFD7404394}.Release|ARM.Build.0 = Release|Any CPU
		{FA0C88AB-2C21-42BC-89BC-2FBFD7404394}.Release|iPhone.ActiveCfg = Release|Any CPU
		{FA0C88AB-2C21-42BC-89BC-2FBFD7404394}.Release|iPhone.Build.0 = Release|Any CPU
		{FA0C88AB-2C21-42BC-89BC-2FBFD7404394}.Release|iPhoneSimulator.ActiveCfg = Release|Any CPU
		{FA0C88AB-2C21-42BC-89BC-2FBFD7404394}.Release|iPhoneSimulator.Build.0 = Release|Any CPU
		{FA0C88AB-2C21-42BC-89BC-2FBFD7404394}.Release|Mixed Platforms.ActiveCfg = Release|Any CPU
		{FA0C88AB-2C21-42BC-89BC-2FBFD7404394}.Release|Mixed Platforms.Build.0 = Release|Any CPU
		{FA0C88AB-2C21-42BC-89BC-2FBFD7404394}.Release|x64.ActiveCfg = Release|Any CPU
		{FA0C88AB-2C21-42BC-89BC-2FBFD7404394}.Release|x64.Build.0 = Release|Any CPU
		{FA0C88AB-2C21-42BC-89BC-2FBFD7404394}.Release|x86.ActiveCfg = Release|Any CPU
		{FA0C88AB-2C21-42BC-89BC-2FBFD7404394}.Release|x86.Build.0 = Release|Any CPU
		{B362BC99-C9AE-4F38-BDA5-7CA4C365DEAA}.Ad-Hoc|Any CPU.ActiveCfg = Release|Any CPU
		{B362BC99-C9AE-4F38-BDA5-7CA4C365DEAA}.Ad-Hoc|Any CPU.Build.0 = Release|Any CPU
		{B362BC99-C9AE-4F38-BDA5-7CA4C365DEAA}.Ad-Hoc|ARM.ActiveCfg = Release|ARM
		{B362BC99-C9AE-4F38-BDA5-7CA4C365DEAA}.Ad-Hoc|ARM.Build.0 = Release|ARM
		{B362BC99-C9AE-4F38-BDA5-7CA4C365DEAA}.Ad-Hoc|iPhone.ActiveCfg = Release|Any CPU
		{B362BC99-C9AE-4F38-BDA5-7CA4C365DEAA}.Ad-Hoc|iPhone.Build.0 = Release|Any CPU
		{B362BC99-C9AE-4F38-BDA5-7CA4C365DEAA}.Ad-Hoc|iPhoneSimulator.ActiveCfg = Release|Any CPU
		{B362BC99-C9AE-4F38-BDA5-7CA4C365DEAA}.Ad-Hoc|iPhoneSimulator.Build.0 = Release|Any CPU
		{B362BC99-C9AE-4F38-BDA5-7CA4C365DEAA}.Ad-Hoc|Mixed Platforms.ActiveCfg = Release|x86
		{B362BC99-C9AE-4F38-BDA5-7CA4C365DEAA}.Ad-Hoc|Mixed Platforms.Build.0 = Release|x86
		{B362BC99-C9AE-4F38-BDA5-7CA4C365DEAA}.Ad-Hoc|x64.ActiveCfg = Release|x64
		{B362BC99-C9AE-4F38-BDA5-7CA4C365DEAA}.Ad-Hoc|x64.Build.0 = Release|x64
		{B362BC99-C9AE-4F38-BDA5-7CA4C365DEAA}.Ad-Hoc|x86.ActiveCfg = Release|x86
		{B362BC99-C9AE-4F38-BDA5-7CA4C365DEAA}.Ad-Hoc|x86.Build.0 = Release|x86
		{B362BC99-C9AE-4F38-BDA5-7CA4C365DEAA}.AppStore|Any CPU.ActiveCfg = Release|Any CPU
		{B362BC99-C9AE-4F38-BDA5-7CA4C365DEAA}.AppStore|Any CPU.Build.0 = Release|Any CPU
		{B362BC99-C9AE-4F38-BDA5-7CA4C365DEAA}.AppStore|ARM.ActiveCfg = Release|ARM
		{B362BC99-C9AE-4F38-BDA5-7CA4C365DEAA}.AppStore|ARM.Build.0 = Release|ARM
		{B362BC99-C9AE-4F38-BDA5-7CA4C365DEAA}.AppStore|iPhone.ActiveCfg = Release|Any CPU
		{B362BC99-C9AE-4F38-BDA5-7CA4C365DEAA}.AppStore|iPhone.Build.0 = Release|Any CPU
		{B362BC99-C9AE-4F38-BDA5-7CA4C365DEAA}.AppStore|iPhoneSimulator.ActiveCfg = Release|Any CPU
		{B362BC99-C9AE-4F38-BDA5-7CA4C365DEAA}.AppStore|iPhoneSimulator.Build.0 = Release|Any CPU
		{B362BC99-C9AE-4F38-BDA5-7CA4C365DEAA}.AppStore|Mixed Platforms.ActiveCfg = Release|x86
		{B362BC99-C9AE-4F38-BDA5-7CA4C365DEAA}.AppStore|Mixed Platforms.Build.0 = Release|x86
		{B362BC99-C9AE-4F38-BDA5-7CA4C365DEAA}.AppStore|x64.ActiveCfg = Release|x64
		{B362BC99-C9AE-4F38-BDA5-7CA4C365DEAA}.AppStore|x64.Build.0 = Release|x64
		{B362BC99-C9AE-4F38-BDA5-7CA4C365DEAA}.AppStore|x86.ActiveCfg = Release|x86
		{B362BC99-C9AE-4F38-BDA5-7CA4C365DEAA}.AppStore|x86.Build.0 = Release|x86
		{B362BC99-C9AE-4F38-BDA5-7CA4C365DEAA}.Debug|Any CPU.ActiveCfg = Debug|Any CPU
		{B362BC99-C9AE-4F38-BDA5-7CA4C365DEAA}.Debug|Any CPU.Build.0 = Debug|Any CPU
		{B362BC99-C9AE-4F38-BDA5-7CA4C365DEAA}.Debug|ARM.ActiveCfg = Debug|ARM
		{B362BC99-C9AE-4F38-BDA5-7CA4C365DEAA}.Debug|ARM.Build.0 = Debug|ARM
		{B362BC99-C9AE-4F38-BDA5-7CA4C365DEAA}.Debug|iPhone.ActiveCfg = Debug|Any CPU
		{B362BC99-C9AE-4F38-BDA5-7CA4C365DEAA}.Debug|iPhone.Build.0 = Debug|Any CPU
		{B362BC99-C9AE-4F38-BDA5-7CA4C365DEAA}.Debug|iPhoneSimulator.ActiveCfg = Debug|Any CPU
		{B362BC99-C9AE-4F38-BDA5-7CA4C365DEAA}.Debug|iPhoneSimulator.Build.0 = Debug|Any CPU
		{B362BC99-C9AE-4F38-BDA5-7CA4C365DEAA}.Debug|Mixed Platforms.ActiveCfg = Debug|x86
		{B362BC99-C9AE-4F38-BDA5-7CA4C365DEAA}.Debug|Mixed Platforms.Build.0 = Debug|x86
		{B362BC99-C9AE-4F38-BDA5-7CA4C365DEAA}.Debug|x64.ActiveCfg = Debug|x64
		{B362BC99-C9AE-4F38-BDA5-7CA4C365DEAA}.Debug|x64.Build.0 = Debug|x64
		{B362BC99-C9AE-4F38-BDA5-7CA4C365DEAA}.Debug|x86.ActiveCfg = Debug|x86
		{B362BC99-C9AE-4F38-BDA5-7CA4C365DEAA}.Debug|x86.Build.0 = Debug|x86
		{B362BC99-C9AE-4F38-BDA5-7CA4C365DEAA}.Release|Any CPU.ActiveCfg = Release|Any CPU
		{B362BC99-C9AE-4F38-BDA5-7CA4C365DEAA}.Release|Any CPU.Build.0 = Release|Any CPU
		{B362BC99-C9AE-4F38-BDA5-7CA4C365DEAA}.Release|ARM.ActiveCfg = Release|ARM
		{B362BC99-C9AE-4F38-BDA5-7CA4C365DEAA}.Release|ARM.Build.0 = Release|ARM
		{B362BC99-C9AE-4F38-BDA5-7CA4C365DEAA}.Release|iPhone.ActiveCfg = Release|Any CPU
		{B362BC99-C9AE-4F38-BDA5-7CA4C365DEAA}.Release|iPhone.Build.0 = Release|Any CPU
		{B362BC99-C9AE-4F38-BDA5-7CA4C365DEAA}.Release|iPhoneSimulator.ActiveCfg = Release|Any CPU
		{B362BC99-C9AE-4F38-BDA5-7CA4C365DEAA}.Release|iPhoneSimulator.Build.0 = Release|Any CPU
		{B362BC99-C9AE-4F38-BDA5-7CA4C365DEAA}.Release|Mixed Platforms.ActiveCfg = Release|x86
		{B362BC99-C9AE-4F38-BDA5-7CA4C365DEAA}.Release|Mixed Platforms.Build.0 = Release|x86
		{B362BC99-C9AE-4F38-BDA5-7CA4C365DEAA}.Release|x64.ActiveCfg = Release|x64
		{B362BC99-C9AE-4F38-BDA5-7CA4C365DEAA}.Release|x64.Build.0 = Release|x64
		{B362BC99-C9AE-4F38-BDA5-7CA4C365DEAA}.Release|x86.ActiveCfg = Release|x86
		{B362BC99-C9AE-4F38-BDA5-7CA4C365DEAA}.Release|x86.Build.0 = Release|x86
	EndGlobalSection
	GlobalSection(SolutionProperties) = preSolution
		HideSolutionNode = FALSE
	EndGlobalSection
	GlobalSection(NestedProjects) = preSolution
		{4F51D114-8BF5-43BA-B17F-C119D6F3CD1C} = {5067C6BA-2DCC-487C-A6D1-3557CC9C22C9}
		{7FBF1544-7DD8-4812-86B7-1F98537E593F} = {5067C6BA-2DCC-487C-A6D1-3557CC9C22C9}
		{2B743718-943B-45C3-9FB7-72B2667CD48C} = {5067C6BA-2DCC-487C-A6D1-3557CC9C22C9}
		{D04E691F-0938-48DD-939E-914DA83F4A00} = {5067C6BA-2DCC-487C-A6D1-3557CC9C22C9}
		{3A4B8E88-FA9B-4663-BCDA-21C12E3AF98A} = {5067C6BA-2DCC-487C-A6D1-3557CC9C22C9}
		{FA0C88AB-2C21-42BC-89BC-2FBFD7404394} = {5067C6BA-2DCC-487C-A6D1-3557CC9C22C9}
		{B362BC99-C9AE-4F38-BDA5-7CA4C365DEAA} = {5067C6BA-2DCC-487C-A6D1-3557CC9C22C9}
	EndGlobalSection
EndGlobal
